# This file is automatically @generated by Cargo.
# It is not intended for manual editing.
version = 4

[[package]]
name = "endora-application"
version = "0.0.0"
dependencies = [
 "endora-domain",
]

[[package]]
name = "endora-cli"
version = "0.0.0"
dependencies = [
 "endora-application",
]

[[package]]
name = "endora-domain"
version = "0.0.0"

[[package]]
name = "endora-node"
version = "0.0.0"
dependencies = [
 "endora-application",
]
